
Microsoft Visual Studio Solution File, Format Version 12.00
# Visual Studio 14
VisualStudioVersion = 14.0.25420.1
MinimumVisualStudioVersion = 10.0.40219.1
Project("{8BC9CEB8-8B4A-11D0-8D11-00A0C91BC942}") = "TextSearch", "TextSearch\TextSearch.vcxproj", "{D00CAAB9-8A09-41F8-87EF-E8AE3DCBEC09}"
EndProject
Project("{8BC9CEB8-8B4A-11D0-8D11-00A0C91BC942}") = "FileMgr", "FileMgr\FileMgr.vcxproj", "{DDEE27FF-855E-4D10-AD7B-79CB8966EF13}"
EndProject
Project("{8BC9CEB8-8B4A-11D0-8D11-00A0C91BC942}") = "Utilities", "Utilities\Utilities.vcxproj", "{462B43B2-8B13-4178-BF2A-903F76F1985C}"
EndProject
Project("{8BC9CEB8-8B4A-11D0-8D11-00A0C91BC942}") = "BlockingQueue", "BlockingQueue\BlockingQueue.vcxproj", "{C8B01E44-A73A-4D2A-8549-2420A9ED0A19}"
EndProject
Project("{8BC9CEB8-8B4A-11D0-8D11-00A0C91BC942}") = "ThreadPool", "ThreadPool\ThreadPool.vcxproj", "{B02EB014-7C58-4B27-AB88-0B5DD35211A9}"
EndProject
Project("{8BC9CEB8-8B4A-11D0-8D11-00A0C91BC942}") = "Tasks", "Tasks\Tasks.vcxproj", "{B8063BBF-036E-425E-A4D1-8980A15E908A}"
EndProject
Project("{8BC9CEB8-8B4A-11D0-8D11-00A0C91BC942}") = "Client", "Client\Client.vcxproj", "{4D29FA78-F5ED-4142-9C80-79C152F5FF48}"
EndProject
Project("{8BC9CEB8-8B4A-11D0-8D11-00A0C91BC942}") = "FileMgrComponentPS", "FileMgrComponent\FileMgrComponentPS.vcxproj", "{10EC10E7-7468-47B8-9ED1-B1B94FF26B22}"
EndProject
Project("{8BC9CEB8-8B4A-11D0-8D11-00A0C91BC942}") = "TextSearchComponent", "TextSearchComponent\TextSearchComponent.vcxproj", "{03E0FC04-C67E-4A22-AE6E-5D53895AE328}"
EndProject
Project("{8BC9CEB8-8B4A-11D0-8D11-00A0C91BC942}") = "TextSearchComponentPS", "TextSearchComponent\TextSearchComponentPS.vcxproj", "{AA42E13E-FC45-4368-A1F5-35B7B3DD502D}"
	ProjectSection(ProjectDependencies) = postProject
		{03E0FC04-C67E-4A22-AE6E-5D53895AE328} = {03E0FC04-C67E-4A22-AE6E-5D53895AE328}
	EndProjectSection
EndProject
Project("{8BC9CEB8-8B4A-11D0-8D11-00A0C91BC942}") = "FileSystem", "FileSystem\FileSystem.vcxproj", "{04CB7A5F-7472-4F19-9EA9-00B80063658C}"
EndProject
Project("{8BC9CEB8-8B4A-11D0-8D11-00A0C91BC942}") = "FileMgrComponent", "FileMgrComponent\FileMgrComponent.vcxproj", "{B324CCB3-EA2B-4678-A5FD-A22B5C35EDEE}"
EndProject
Global
	GlobalSection(SolutionConfigurationPlatforms) = preSolution
		Debug|Any CPU = Debug|Any CPU
		Debug|x64 = Debug|x64
		Debug|x86 = Debug|x86
		Release|Any CPU = Release|Any CPU
		Release|x64 = Release|x64
		Release|x86 = Release|x86
	EndGlobalSection
	GlobalSection(ProjectConfigurationPlatforms) = postSolution
		{D00CAAB9-8A09-41F8-87EF-E8AE3DCBEC09}.Debug|Any CPU.ActiveCfg = Debug|Win32
		{D00CAAB9-8A09-41F8-87EF-E8AE3DCBEC09}.Debug|x64.ActiveCfg = Debug|x64
		{D00CAAB9-8A09-41F8-87EF-E8AE3DCBEC09}.Debug|x64.Build.0 = Debug|x64
		{D00CAAB9-8A09-41F8-87EF-E8AE3DCBEC09}.Debug|x86.ActiveCfg = Debug|Win32
		{D00CAAB9-8A09-41F8-87EF-E8AE3DCBEC09}.Debug|x86.Build.0 = Debug|Win32
		{D00CAAB9-8A09-41F8-87EF-E8AE3DCBEC09}.Release|Any CPU.ActiveCfg = Release|Win32
		{D00CAAB9-8A09-41F8-87EF-E8AE3DCBEC09}.Release|x64.ActiveCfg = Release|x64
		{D00CAAB9-8A09-41F8-87EF-E8AE3DCBEC09}.Release|x64.Build.0 = Release|x64
		{D00CAAB9-8A09-41F8-87EF-E8AE3DCBEC09}.Release|x86.ActiveCfg = Release|Win32
		{D00CAAB9-8A09-41F8-87EF-E8AE3DCBEC09}.Release|x86.Build.0 = Release|Win32
		{DDEE27FF-855E-4D10-AD7B-79CB8966EF13}.Debug|Any CPU.ActiveCfg = Debug|Win32
		{DDEE27FF-855E-4D10-AD7B-79CB8966EF13}.Debug|x64.ActiveCfg = Debug|Win32
		{DDEE27FF-855E-4D10-AD7B-79CB8966EF13}.Debug|x86.ActiveCfg = Debug|Win32
		{DDEE27FF-855E-4D10-AD7B-79CB8966EF13}.Debug|x86.Build.0 = Debug|Win32
		{DDEE27FF-855E-4D10-AD7B-79CB8966EF13}.Release|Any CPU.ActiveCfg = Release|Win32
		{DDEE27FF-855E-4D10-AD7B-79CB8966EF13}.Release|x64.ActiveCfg = Release|Win32
		{DDEE27FF-855E-4D10-AD7B-79CB8966EF13}.Release|x86.ActiveCfg = Release|Win32
		{DDEE27FF-855E-4D10-AD7B-79CB8966EF13}.Release|x86.Build.0 = Release|Win32
		{462B43B2-8B13-4178-BF2A-903F76F1985C}.Debug|Any CPU.ActiveCfg = Debug|Win32
		{462B43B2-8B13-4178-BF2A-903F76F1985C}.Debug|x64.ActiveCfg = Debug|x64
		{462B43B2-8B13-4178-BF2A-903F76F1985C}.Debug|x64.Build.0 = Debug|x64
		{462B43B2-8B13-4178-BF2A-903F76F1985C}.Debug|x86.ActiveCfg = Debug|Win32
		{462B43B2-8B13-4178-BF2A-903F76F1985C}.Debug|x86.Build.0 = Debug|Win32
		{462B43B2-8B13-4178-BF2A-903F76F1985C}.Release|Any CPU.ActiveCfg = Release|Win32
		{462B43B2-8B13-4178-BF2A-903F76F1985C}.Release|x64.ActiveCfg = Release|x64
		{462B43B2-8B13-4178-BF2A-903F76F1985C}.Release|x64.Build.0 = Release|x64
		{462B43B2-8B13-4178-BF2A-903F76F1985C}.Release|x86.ActiveCfg = Release|Win32
		{462B43B2-8B13-4178-BF2A-903F76F1985C}.Release|x86.Build.0 = Release|Win32
		{C8B01E44-A73A-4D2A-8549-2420A9ED0A19}.Debug|Any CPU.ActiveCfg = Debug|Win32
		{C8B01E44-A73A-4D2A-8549-2420A9ED0A19}.Debug|x64.ActiveCfg = Debug|x64
		{C8B01E44-A73A-4D2A-8549-2420A9ED0A19}.Debug|x64.Build.0 = Debug|x64
		{C8B01E44-A73A-4D2A-8549-2420A9ED0A19}.Debug|x86.ActiveCfg = Debug|Win32
		{C8B01E44-A73A-4D2A-8549-2420A9ED0A19}.Debug|x86.Build.0 = Debug|Win32
		{C8B01E44-A73A-4D2A-8549-2420A9ED0A19}.Release|Any CPU.ActiveCfg = Release|Win32
		{C8B01E44-A73A-4D2A-8549-2420A9ED0A19}.Release|x64.ActiveCfg = Release|x64
		{C8B01E44-A73A-4D2A-8549-2420A9ED0A19}.Release|x64.Build.0 = Release|x64
		{C8B01E44-A73A-4D2A-8549-2420A9ED0A19}.Release|x86.ActiveCfg = Release|Win32
		{C8B01E44-A73A-4D2A-8549-2420A9ED0A19}.Release|x86.Build.0 = Release|Win32
		{B02EB014-7C58-4B27-AB88-0B5DD35211A9}.Debug|Any CPU.ActiveCfg = Debug|Win32
		{B02EB014-7C58-4B27-AB88-0B5DD35211A9}.Debug|x64.ActiveCfg = Debug|x64
		{B02EB014-7C58-4B27-AB88-0B5DD35211A9}.Debug|x64.Build.0 = Debug|x64
		{B02EB014-7C58-4B27-AB88-0B5DD35211A9}.Debug|x86.ActiveCfg = Debug|Win32
		{B02EB014-7C58-4B27-AB88-0B5DD35211A9}.Debug|x86.Build.0 = Debug|Win32
		{B02EB014-7C58-4B27-AB88-0B5DD35211A9}.Release|Any CPU.ActiveCfg = Release|Win32
		{B02EB014-7C58-4B27-AB88-0B5DD35211A9}.Release|x64.ActiveCfg = Release|x64
		{B02EB014-7C58-4B27-AB88-0B5DD35211A9}.Release|x64.Build.0 = Release|x64
		{B02EB014-7C58-4B27-AB88-0B5DD35211A9}.Release|x86.ActiveCfg = Release|Win32
		{B02EB014-7C58-4B27-AB88-0B5DD35211A9}.Release|x86.Build.0 = Release|Win32
		{B8063BBF-036E-425E-A4D1-8980A15E908A}.Debug|Any CPU.ActiveCfg = Debug|Win32
		{B8063BBF-036E-425E-A4D1-8980A15E908A}.Debug|x64.ActiveCfg = Debug|x64
		{B8063BBF-036E-425E-A4D1-8980A15E908A}.Debug|x64.Build.0 = Debug|x64
		{B8063BBF-036E-425E-A4D1-8980A15E908A}.Debug|x86.ActiveCfg = Debug|Win32
		{B8063BBF-036E-425E-A4D1-8980A15E908A}.Debug|x86.Build.0 = Debug|Win32
		{B8063BBF-036E-425E-A4D1-8980A15E908A}.Release|Any CPU.ActiveCfg = Release|Win32
		{B8063BBF-036E-425E-A4D1-8980A15E908A}.Release|x64.ActiveCfg = Release|x64
		{B8063BBF-036E-425E-A4D1-8980A15E908A}.Release|x64.Build.0 = Release|x64
		{B8063BBF-036E-425E-A4D1-8980A15E908A}.Release|x86.ActiveCfg = Release|Win32
		{B8063BBF-036E-425E-A4D1-8980A15E908A}.Release|x86.Build.0 = Release|Win32
		{4D29FA78-F5ED-4142-9C80-79C152F5FF48}.Debug|Any CPU.ActiveCfg = Debug|Win32
		{4D29FA78-F5ED-4142-9C80-79C152F5FF48}.Debug|x64.ActiveCfg = Debug|x64
		{4D29FA78-F5ED-4142-9C80-79C152F5FF48}.Debug|x64.Build.0 = Debug|x64
		{4D29FA78-F5ED-4142-9C80-79C152F5FF48}.Debug|x86.ActiveCfg = Debug|Win32
		{4D29FA78-F5ED-4142-9C80-79C152F5FF48}.Debug|x86.Build.0 = Debug|Win32
		{4D29FA78-F5ED-4142-9C80-79C152F5FF48}.Release|Any CPU.ActiveCfg = Release|Win32
		{4D29FA78-F5ED-4142-9C80-79C152F5FF48}.Release|x64.ActiveCfg = Release|x64
		{4D29FA78-F5ED-4142-9C80-79C152F5FF48}.Release|x64.Build.0 = Release|x64
		{4D29FA78-F5ED-4142-9C80-79C152F5FF48}.Release|x86.ActiveCfg = Release|Win32
		{4D29FA78-F5ED-4142-9C80-79C152F5FF48}.Release|x86.Build.0 = Release|Win32
		{10EC10E7-7468-47B8-9ED1-B1B94FF26B22}.Debug|Any CPU.ActiveCfg = Debug|Win32
		{10EC10E7-7468-47B8-9ED1-B1B94FF26B22}.Debug|x64.ActiveCfg = Debug|x64
		{10EC10E7-7468-47B8-9ED1-B1B94FF26B22}.Debug|x86.ActiveCfg = Debug|Win32
		{10EC10E7-7468-47B8-9ED1-B1B94FF26B22}.Release|Any CPU.ActiveCfg = Release|Win32
		{10EC10E7-7468-47B8-9ED1-B1B94FF26B22}.Release|x64.ActiveCfg = Release|x64
		{10EC10E7-7468-47B8-9ED1-B1B94FF26B22}.Release|x86.ActiveCfg = Release|Win32
		{03E0FC04-C67E-4A22-AE6E-5D53895AE328}.Debug|Any CPU.ActiveCfg = Debug|Win32
		{03E0FC04-C67E-4A22-AE6E-5D53895AE328}.Debug|x64.ActiveCfg = Debug|x64
		{03E0FC04-C67E-4A22-AE6E-5D53895AE328}.Debug|x64.Build.0 = Debug|x64
		{03E0FC04-C67E-4A22-AE6E-5D53895AE328}.Debug|x86.ActiveCfg = Debug|Win32
		{03E0FC04-C67E-4A22-AE6E-5D53895AE328}.Debug|x86.Build.0 = Debug|Win32
		{03E0FC04-C67E-4A22-AE6E-5D53895AE328}.Release|Any CPU.ActiveCfg = Release|Win32
		{03E0FC04-C67E-4A22-AE6E-5D53895AE328}.Release|x64.ActiveCfg = Release|x64
		{03E0FC04-C67E-4A22-AE6E-5D53895AE328}.Release|x64.Build.0 = Release|x64
		{03E0FC04-C67E-4A22-AE6E-5D53895AE328}.Release|x86.ActiveCfg = Release|Win32
		{03E0FC04-C67E-4A22-AE6E-5D53895AE328}.Release|x86.Build.0 = Release|Win32
		{AA42E13E-FC45-4368-A1F5-35B7B3DD502D}.Debug|Any CPU.ActiveCfg = Debug|Win32
		{AA42E13E-FC45-4368-A1F5-35B7B3DD502D}.Debug|x64.ActiveCfg = Debug|x64
		{AA42E13E-FC45-4368-A1F5-35B7B3DD502D}.Debug|x86.ActiveCfg = Debug|Win32
		{AA42E13E-FC45-4368-A1F5-35B7B3DD502D}.Release|Any CPU.ActiveCfg = Release|Win32
		{AA42E13E-FC45-4368-A1F5-35B7B3DD502D}.Release|x64.ActiveCfg = Release|x64
		{AA42E13E-FC45-4368-A1F5-35B7B3DD502D}.Release|x86.ActiveCfg = Release|Win32
		{04CB7A5F-7472-4F19-9EA9-00B80063658C}.Debug|Any CPU.ActiveCfg = Debug|Win32
		{04CB7A5F-7472-4F19-9EA9-00B80063658C}.Debug|x64.ActiveCfg = Debug|x64
		{04CB7A5F-7472-4F19-9EA9-00B80063658C}.Debug|x64.Build.0 = Debug|x64
		{04CB7A5F-7472-4F19-9EA9-00B80063658C}.Debug|x86.ActiveCfg = Debug|Win32
		{04CB7A5F-7472-4F19-9EA9-00B80063658C}.Debug|x86.Build.0 = Debug|Win32
		{04CB7A5F-7472-4F19-9EA9-00B80063658C}.Release|Any CPU.ActiveCfg = Release|Win32
		{04CB7A5F-7472-4F19-9EA9-00B80063658C}.Release|x64.ActiveCfg = Release|x64
		{04CB7A5F-7472-4F19-9EA9-00B80063658C}.Release|x64.Build.0 = Release|x64
		{04CB7A5F-7472-4F19-9EA9-00B80063658C}.Release|x86.ActiveCfg = Release|Win32
		{04CB7A5F-7472-4F19-9EA9-00B80063658C}.Release|x86.Build.0 = Release|Win32
		{B324CCB3-EA2B-4678-A5FD-A22B5C35EDEE}.Debug|Any CPU.ActiveCfg = Debug|Win32
		{B324CCB3-EA2B-4678-A5FD-A22B5C35EDEE}.Debug|x64.ActiveCfg = Debug|x64
		{B324CCB3-EA2B-4678-A5FD-A22B5C35EDEE}.Debug|x64.Build.0 = Debug|x64
		{B324CCB3-EA2B-4678-A5FD-A22B5C35EDEE}.Debug|x86.ActiveCfg = Debug|Win32
		{B324CCB3-EA2B-4678-A5FD-A22B5C35EDEE}.Debug|x86.Build.0 = Debug|Win32
		{B324CCB3-EA2B-4678-A5FD-A22B5C35EDEE}.Release|Any CPU.ActiveCfg = Release|Win32
		{B324CCB3-EA2B-4678-A5FD-A22B5C35EDEE}.Release|x64.ActiveCfg = Release|x64
		{B324CCB3-EA2B-4678-A5FD-A22B5C35EDEE}.Release|x64.Build.0 = Release|x64
		{B324CCB3-EA2B-4678-A5FD-A22B5C35EDEE}.Release|x86.ActiveCfg = Release|Win32
		{B324CCB3-EA2B-4678-A5FD-A22B5C35EDEE}.Release|x86.Build.0 = Release|Win32
	EndGlobalSection
	GlobalSection(SolutionProperties) = preSolution
		HideSolutionNode = FALSE
	EndGlobalSection
EndGlobal
