<?xml version="1.0" encoding="utf-8"?>
<Project ToolsVersion="4.0" xmlns="http://schemas.microsoft.com/developer/msbuild/2003">
  <ItemGroup>
    <Filter Include="Source Files">
      <UniqueIdentifier>{4e32ceec-8a9c-4a22-a0ad-62598f1ae0be}</UniqueIdentifier>
    </Filter>
    <Filter Include="Generated Files">
      <UniqueIdentifier>{45a4d1c9-3093-45f7-97d4-38401e52c394}</UniqueIdentifier>
      <SourceControlFiles>False</SourceControlFiles>
    </Filter>
  </ItemGroup>
  <ItemGroup>
    <None Include="TextSearchComponentps.def" />
  </ItemGroup>
  <ItemGroup>
    <ClCompile Include="TextSearchComponent_i.c">
      <Filter>Generated Files</Filter>
    </ClCompile>
    <ClCompile Include="TextSearchComponent_p.c">
      <Filter>Generated Files</Filter>
    </ClCompile>
    <ClCompile Include="dlldata.c">
      <Filter>Generated Files</Filter>
    </ClCompile>
  </ItemGroup>
</Project>