<?xml version="1.0" encoding="utf-8"?>
<Project ToolsVersion="4.0" xmlns="http://schemas.microsoft.com/developer/msbuild/2003">
  <ItemGroup>
    <Filter Include="Source Files">
      <UniqueIdentifier>{3c0c68ec-e0be-4251-a7eb-4c664818bdc9}</UniqueIdentifier>
    </Filter>
    <Filter Include="Generated Files">
      <UniqueIdentifier>{e0fb634b-921a-407b-8f06-dcb8e0823ab2}</UniqueIdentifier>
      <SourceControlFiles>False</SourceControlFiles>
    </Filter>
  </ItemGroup>
  <ItemGroup>
    <None Include="FileMgrComponentps.def" />
  </ItemGroup>
  <ItemGroup>
    <ClCompile Include="FileMgrComponent_i.c">
      <Filter>Generated Files</Filter>
    </ClCompile>
    <ClCompile Include="FileMgrComponent_p.c">
      <Filter>Generated Files</Filter>
    </ClCompile>
    <ClCompile Include="dlldata.c">
      <Filter>Generated Files</Filter>
    </ClCompile>
  </ItemGroup>
</Project>